# This file is automatically @generated by Cargo.
# It is not intended for manual editing.
version = 4

[[package]]
name = "garust"
version = "0.1.0"
dependencies = [
 "garust-core",
 "garust-geo",
 "garust-physics",
]

[[package]]
name = "garust-core"
version = "0.1.0"

[[package]]
name = "garust-geo"
version = "0.1.0"
dependencies = [
 "garust-core",
]

[[package]]
name = "garust-physics"
version = "0.1.0"
dependencies = [
 "garust-core",
 "garust-geo",
]

[[package]]
name = "lesson-three-mechanics"
version = "0.1.0"
dependencies = [
 "lessons-common",
]

[[package]]
name = "lesson-two-mirrors"
version = "0.1.0"
dependencies = [
 "garust",
 "lessons-common",
]

[[package]]
name = "lesson-wave-equation"
version = "0.1.0"
dependencies = [
 "lessons-common",
]

[[package]]
name = "lessons-common"
version = "0.1.0"
